
Microsoft Visual Studio Solution File, Format Version 12.00
# Visual Studio Version 16
VisualStudioVersion = 16.0.31112.23
MinimumVisualStudioVersion = 10.0.40219.1
Project("{9A19103F-16F7-4668-BE54-9A1E7A4F7556}") = "Kogel.Http", "Kogel.Http\Kogel.Http.csproj", "{A612CCD3-9665-4771-BA6E-B60FC3B4C956}"
EndProject
Project("{FAE04EC0-301F-11D3-BF4B-00C04F79EFBC}") = "Kogel.Http.Test", "Kogel.Http.Test\Kogel.Http.Test.csproj", "{D04F079D-B74C-4789-9B3A-371E5B0794AD}"
EndProject
Global
	GlobalSection(SolutionConfigurationPlatforms) = preSolution
		Debug|Any CPU = Debug|Any CPU
		Release|Any CPU = Release|Any CPU
	EndGlobalSection
	GlobalSection(ProjectConfigurationPlatforms) = postSolution
		{A612CCD3-9665-4771-BA6E-B60FC3B4C956}.Debug|Any CPU.ActiveCfg = Debug|Any CPU
		{A612CCD3-9665-4771-BA6E-B60FC3B4C956}.Debug|Any CPU.Build.0 = Debug|Any CPU
		{A612CCD3-9665-4771-BA6E-B60FC3B4C956}.Release|Any CPU.ActiveCfg = Release|Any CPU
		{A612CCD3-9665-4771-BA6E-B60FC3B4C956}.Release|Any CPU.Build.0 = Release|Any CPU
		{D04F079D-B74C-4789-9B3A-371E5B0794AD}.Debug|Any CPU.ActiveCfg = Debug|Any CPU
		{D04F079D-B74C-4789-9B3A-371E5B0794AD}.Debug|Any CPU.Build.0 = Debug|Any CPU
		{D04F079D-B74C-4789-9B3A-371E5B0794AD}.Release|Any CPU.ActiveCfg = Release|Any CPU
		{D04F079D-B74C-4789-9B3A-371E5B0794AD}.Release|Any CPU.Build.0 = Release|Any CPU
	EndGlobalSection
	GlobalSection(SolutionProperties) = preSolution
		HideSolutionNode = FALSE
	EndGlobalSection
	GlobalSection(ExtensibilityGlobals) = postSolution
		SolutionGuid = {3E06D6E1-DCDD-4D0B-8CA6-6FB867DA7E60}
	EndGlobalSection
EndGlobal
